
Microsoft Visual Studio Solution File, Format Version 12.00
# Visual Studio 14
VisualStudioVersion = 14.0.25123.0
MinimumVisualStudioVersion = 10.0.40219.1
Project("{FAE04EC0-301F-11D3-BF4B-00C04F79EFBC}") = "MonitorImpresion", "MonitorImpresion\MonitorImpresion.csproj", "{F249413F-9D89-4411-A9DB-767F90409AFC}"
EndProject
Project("{54435603-DBB4-11D2-8724-00A0C9A8B90C}") = "InstaladorMonitorImpresion", "InstaladorMonitorImpresion\InstaladorMonitorImpresion.vdproj", "{BF9237BD-BB2E-401F-B879-DFFAFF4322DC}"
EndProject
Project("{FAE04EC0-301F-11D3-BF4B-00C04F79EFBC}") = "MonitorImpresionTest", "MonitorImpresionTest\MonitorImpresionTest.csproj", "{9EAFAADB-8F7C-41F1-8D3F-C7561BB303CD}"
EndProject
Project("{F088123C-0E9E-452A-89E6-6BA2F21D5CAC}") = "DiagramasMonitorImpresion", "DiagramasMonitorImpresion\DiagramasMonitorImpresion.modelproj", "{8D1DB790-5328-4FCF-BBFB-5220AFFABC5F}"
EndProject
Global
	GlobalSection(SolutionConfigurationPlatforms) = preSolution
		Debug|Any CPU = Debug|Any CPU
		Debug|x86 = Debug|x86
		Release|Any CPU = Release|Any CPU
		Release|x86 = Release|x86
	EndGlobalSection
	GlobalSection(ProjectConfigurationPlatforms) = postSolution
		{F249413F-9D89-4411-A9DB-767F90409AFC}.Debug|Any CPU.ActiveCfg = Debug|Any CPU
		{F249413F-9D89-4411-A9DB-767F90409AFC}.Debug|Any CPU.Build.0 = Debug|Any CPU
		{F249413F-9D89-4411-A9DB-767F90409AFC}.Debug|x86.ActiveCfg = Debug|x86
		{F249413F-9D89-4411-A9DB-767F90409AFC}.Debug|x86.Build.0 = Debug|x86
		{F249413F-9D89-4411-A9DB-767F90409AFC}.Release|Any CPU.ActiveCfg = Release|Any CPU
		{F249413F-9D89-4411-A9DB-767F90409AFC}.Release|Any CPU.Build.0 = Release|Any CPU
		{F249413F-9D89-4411-A9DB-767F90409AFC}.Release|x86.ActiveCfg = Release|x86
		{F249413F-9D89-4411-A9DB-767F90409AFC}.Release|x86.Build.0 = Release|x86
		{BF9237BD-BB2E-401F-B879-DFFAFF4322DC}.Debug|Any CPU.ActiveCfg = Debug
		{BF9237BD-BB2E-401F-B879-DFFAFF4322DC}.Debug|Any CPU.Build.0 = Debug
		{BF9237BD-BB2E-401F-B879-DFFAFF4322DC}.Debug|x86.ActiveCfg = Debug
		{BF9237BD-BB2E-401F-B879-DFFAFF4322DC}.Debug|x86.Build.0 = Debug
		{BF9237BD-BB2E-401F-B879-DFFAFF4322DC}.Release|Any CPU.ActiveCfg = Release
		{BF9237BD-BB2E-401F-B879-DFFAFF4322DC}.Release|Any CPU.Build.0 = Release
		{BF9237BD-BB2E-401F-B879-DFFAFF4322DC}.Release|x86.ActiveCfg = Release
		{9EAFAADB-8F7C-41F1-8D3F-C7561BB303CD}.Debug|Any CPU.ActiveCfg = Debug|Any CPU
		{9EAFAADB-8F7C-41F1-8D3F-C7561BB303CD}.Debug|Any CPU.Build.0 = Debug|Any CPU
		{9EAFAADB-8F7C-41F1-8D3F-C7561BB303CD}.Debug|x86.ActiveCfg = Debug|Any CPU
		{9EAFAADB-8F7C-41F1-8D3F-C7561BB303CD}.Debug|x86.Build.0 = Debug|Any CPU
		{9EAFAADB-8F7C-41F1-8D3F-C7561BB303CD}.Release|Any CPU.ActiveCfg = Release|Any CPU
		{9EAFAADB-8F7C-41F1-8D3F-C7561BB303CD}.Release|Any CPU.Build.0 = Release|Any CPU
		{9EAFAADB-8F7C-41F1-8D3F-C7561BB303CD}.Release|x86.ActiveCfg = Release|Any CPU
		{9EAFAADB-8F7C-41F1-8D3F-C7561BB303CD}.Release|x86.Build.0 = Release|Any CPU
		{8D1DB790-5328-4FCF-BBFB-5220AFFABC5F}.Debug|Any CPU.ActiveCfg = Debug|Any CPU
		{8D1DB790-5328-4FCF-BBFB-5220AFFABC5F}.Debug|Any CPU.Build.0 = Debug|Any CPU
		{8D1DB790-5328-4FCF-BBFB-5220AFFABC5F}.Debug|x86.ActiveCfg = Debug|Any CPU
		{8D1DB790-5328-4FCF-BBFB-5220AFFABC5F}.Debug|x86.Build.0 = Debug|Any CPU
		{8D1DB790-5328-4FCF-BBFB-5220AFFABC5F}.Release|Any CPU.ActiveCfg = Release|Any CPU
		{8D1DB790-5328-4FCF-BBFB-5220AFFABC5F}.Release|Any CPU.Build.0 = Release|Any CPU
		{8D1DB790-5328-4FCF-BBFB-5220AFFABC5F}.Release|x86.ActiveCfg = Release|Any CPU
		{8D1DB790-5328-4FCF-BBFB-5220AFFABC5F}.Release|x86.Build.0 = Release|Any CPU
	EndGlobalSection
	GlobalSection(SolutionProperties) = preSolution
		HideSolutionNode = FALSE
	EndGlobalSection
EndGlobal
